
Microsoft Visual Studio Solution File, Format Version 12.00
# Visual Studio Version 17
VisualStudioVersion = 17.2.32630.192
MinimumVisualStudioVersion = 10.0.40219.1
Project("{9A19103F-16F7-4668-BE54-9A1E7A4F7556}") = "R5T.F0128", "R5T.F0128\R5T.F0128.csproj", "{FB840782-5046-4CFB-8FB5-E1A040337467}"
EndProject
Project("{2150E333-8FDC-42A3-9474-1A3956D46DE8}") = "_Dependencies", "_Dependencies", "{1E76020E-D15C-4171-B5AA-4B9CBF9F9C42}"
EndProject
Project("{9A19103F-16F7-4668-BE54-9A1E7A4F7556}") = "R5T.T0132", "..\..\R5T.T0132\source\R5T.T0132\R5T.T0132.csproj", "{4A8C4C82-4E6D-4973-A7CB-3CD3FB1CA79A}"
EndProject
Project("{9A19103F-16F7-4668-BE54-9A1E7A4F7556}") = "R5T.T0143", "..\..\R5T.T0143\source\R5T.T0143\R5T.T0143.csproj", "{A19496B9-ED20-436E-AFFF-9123BD162FCB}"
EndProject
Project("{9A19103F-16F7-4668-BE54-9A1E7A4F7556}") = "R5T.T0178", "..\..\R5T.T0178\source\R5T.T0178\R5T.T0178.csproj", "{B623E147-B40E-48FD-9E88-467F43A89BCC}"
EndProject
Project("{9A19103F-16F7-4668-BE54-9A1E7A4F7556}") = "R5T.T0179", "..\..\R5T.T0179\source\R5T.T0179\R5T.T0179.csproj", "{4E38BD01-5CDC-428D-932C-FD69DCE24715}"
EndProject
Project("{9A19103F-16F7-4668-BE54-9A1E7A4F7556}") = "R5T.T0185", "..\..\R5T.T0185\source\R5T.T0185\R5T.T0185.csproj", "{06589D41-843B-4F4A-A308-53C11D6FC080}"
EndProject
Project("{9A19103F-16F7-4668-BE54-9A1E7A4F7556}") = "R5T.T0187", "..\..\R5T.T0187\source\R5T.T0187\R5T.T0187.csproj", "{62451251-7272-4395-8CD4-9FF11F870546}"
EndProject
Project("{9A19103F-16F7-4668-BE54-9A1E7A4F7556}") = "R5T.F0000", "..\..\R5T.F0000\source\R5T.F0000\R5T.F0000.csproj", "{651AECC1-3871-4436-9C57-EBB75E976196}"
EndProject
Project("{9A19103F-16F7-4668-BE54-9A1E7A4F7556}") = "R5T.F0002", "..\..\R5T.F0002\source\R5T.F0002\R5T.F0002.csproj", "{3F2E2122-81C9-4BFD-A1BF-5BB503FB8AB6}"
EndProject
Project("{9A19103F-16F7-4668-BE54-9A1E7A4F7556}") = "R5T.F0120", "..\..\R5T.F0120\source\R5T.F0120\R5T.F0120.csproj", "{7DE691EC-2EDE-4119-B745-92907CD349EA}"
EndProject
Project("{9A19103F-16F7-4668-BE54-9A1E7A4F7556}") = "R5T.F0124", "..\..\R5T.F0124\source\R5T.F0124\R5T.F0124.csproj", "{8A32D6BF-29AB-45EA-90FB-88732F103222}"
EndProject
Project("{9A19103F-16F7-4668-BE54-9A1E7A4F7556}") = "R5T.T0131", "..\..\R5T.T0131\source\R5T.T0131\R5T.T0131.csproj", "{429602E9-A9B7-4E3B-A5F3-CA0ACE6915CC}"
EndProject
Project("{9A19103F-16F7-4668-BE54-9A1E7A4F7556}") = "R5T.T0142", "..\..\R5T.T0142\source\R5T.T0142\R5T.T0142.csproj", "{77FB16AA-4279-4272-BD42-B27E71DE8D38}"
EndProject
Project("{9A19103F-16F7-4668-BE54-9A1E7A4F7556}") = "R5T.T0156", "..\..\R5T.T0156\source\R5T.T0156\R5T.T0156.csproj", "{E93A3147-A233-49D5-8C97-87344A203493}"
EndProject
Project("{9A19103F-16F7-4668-BE54-9A1E7A4F7556}") = "R5T.T0174", "..\..\R5T.T0174\source\R5T.T0174\R5T.T0174.csproj", "{EA25926D-213A-4BE3-A886-C49D49A21ADF}"
EndProject
Project("{9A19103F-16F7-4668-BE54-9A1E7A4F7556}") = "R5T.T0176", "..\..\R5T.T0176\source\R5T.T0176\R5T.T0176.csproj", "{4E5BD689-2B3C-4574-ADC5-95D0454C1738}"
EndProject
Project("{9A19103F-16F7-4668-BE54-9A1E7A4F7556}") = "R5T.T0177", "..\..\R5T.T0177\source\R5T.T0177\R5T.T0177.csproj", "{C550F798-786E-43BC-8B57-3CF95AE9A084}"
EndProject
Project("{9A19103F-16F7-4668-BE54-9A1E7A4F7556}") = "R5T.T0180", "..\..\R5T.T0180\source\R5T.T0180\R5T.T0180.csproj", "{ED5F62C3-71FA-4139-B1C4-2E6071F4121C}"
EndProject
Project("{9A19103F-16F7-4668-BE54-9A1E7A4F7556}") = "R5T.T0181", "..\..\R5T.T0181\source\R5T.T0181\R5T.T0181.csproj", "{49C2D55C-E0F8-49C8-845B-CC76ACA27B4F}"
EndProject
Project("{9A19103F-16F7-4668-BE54-9A1E7A4F7556}") = "R5T.Y0000", "..\..\R5T.Y0000\source\R5T.Y0000\R5T.Y0000.csproj", "{BAB3CBA9-E730-4601-8BAC-AB87F027E899}"
EndProject
Project("{9A19103F-16F7-4668-BE54-9A1E7A4F7556}") = "R5T.Z0000", "..\..\R5T.Z0000\source\R5T.Z0000\R5T.Z0000.csproj", "{D5D05A1C-4276-4D76-8CA3-6F5257E0C2F8}"
EndProject
Global
	GlobalSection(NestedProjects) = preSolution
		{4A8C4C82-4E6D-4973-A7CB-3CD3FB1CA79A} = {1E76020E-D15C-4171-B5AA-4B9CBF9F9C42}
		{A19496B9-ED20-436E-AFFF-9123BD162FCB} = {1E76020E-D15C-4171-B5AA-4B9CBF9F9C42}
		{B623E147-B40E-48FD-9E88-467F43A89BCC} = {1E76020E-D15C-4171-B5AA-4B9CBF9F9C42}
		{4E38BD01-5CDC-428D-932C-FD69DCE24715} = {1E76020E-D15C-4171-B5AA-4B9CBF9F9C42}
		{06589D41-843B-4F4A-A308-53C11D6FC080} = {1E76020E-D15C-4171-B5AA-4B9CBF9F9C42}
		{62451251-7272-4395-8CD4-9FF11F870546} = {1E76020E-D15C-4171-B5AA-4B9CBF9F9C42}
		{651AECC1-3871-4436-9C57-EBB75E976196} = {1E76020E-D15C-4171-B5AA-4B9CBF9F9C42}
		{3F2E2122-81C9-4BFD-A1BF-5BB503FB8AB6} = {1E76020E-D15C-4171-B5AA-4B9CBF9F9C42}
		{7DE691EC-2EDE-4119-B745-92907CD349EA} = {1E76020E-D15C-4171-B5AA-4B9CBF9F9C42}
		{8A32D6BF-29AB-45EA-90FB-88732F103222} = {1E76020E-D15C-4171-B5AA-4B9CBF9F9C42}
		{429602E9-A9B7-4E3B-A5F3-CA0ACE6915CC} = {1E76020E-D15C-4171-B5AA-4B9CBF9F9C42}
		{77FB16AA-4279-4272-BD42-B27E71DE8D38} = {1E76020E-D15C-4171-B5AA-4B9CBF9F9C42}
		{E93A3147-A233-49D5-8C97-87344A203493} = {1E76020E-D15C-4171-B5AA-4B9CBF9F9C42}
		{EA25926D-213A-4BE3-A886-C49D49A21ADF} = {1E76020E-D15C-4171-B5AA-4B9CBF9F9C42}
		{4E5BD689-2B3C-4574-ADC5-95D0454C1738} = {1E76020E-D15C-4171-B5AA-4B9CBF9F9C42}
		{C550F798-786E-43BC-8B57-3CF95AE9A084} = {1E76020E-D15C-4171-B5AA-4B9CBF9F9C42}
		{ED5F62C3-71FA-4139-B1C4-2E6071F4121C} = {1E76020E-D15C-4171-B5AA-4B9CBF9F9C42}
		{49C2D55C-E0F8-49C8-845B-CC76ACA27B4F} = {1E76020E-D15C-4171-B5AA-4B9CBF9F9C42}
		{BAB3CBA9-E730-4601-8BAC-AB87F027E899} = {1E76020E-D15C-4171-B5AA-4B9CBF9F9C42}
		{D5D05A1C-4276-4D76-8CA3-6F5257E0C2F8} = {1E76020E-D15C-4171-B5AA-4B9CBF9F9C42}
	EndGlobalSection
	GlobalSection(SolutionConfigurationPlatforms) = preSolution
		Debug|Any CPU = Debug|Any CPU
		Release|Any CPU = Release|Any CPU
	EndGlobalSection
	GlobalSection(ProjectConfigurationPlatforms) = postSolution
		{FB840782-5046-4CFB-8FB5-E1A040337467}.Debug|Any CPU.ActiveCfg = Debug|Any CPU
		{FB840782-5046-4CFB-8FB5-E1A040337467}.Debug|Any CPU.Build.0 = Debug|Any CPU
		{FB840782-5046-4CFB-8FB5-E1A040337467}.Release|Any CPU.ActiveCfg = Release|Any CPU
		{FB840782-5046-4CFB-8FB5-E1A040337467}.Release|Any CPU.Build.0 = Release|Any CPU
		{4A8C4C82-4E6D-4973-A7CB-3CD3FB1CA79A}.Debug|Any CPU.ActiveCfg = Debug|Any CPU
		{4A8C4C82-4E6D-4973-A7CB-3CD3FB1CA79A}.Debug|Any CPU.Build.0 = Debug|Any CPU
		{4A8C4C82-4E6D-4973-A7CB-3CD3FB1CA79A}.Release|Any CPU.ActiveCfg = Release|Any CPU
		{4A8C4C82-4E6D-4973-A7CB-3CD3FB1CA79A}.Release|Any CPU.Build.0 = Release|Any CPU
		{A19496B9-ED20-436E-AFFF-9123BD162FCB}.Debug|Any CPU.ActiveCfg = Debug|Any CPU
		{A19496B9-ED20-436E-AFFF-9123BD162FCB}.Debug|Any CPU.Build.0 = Debug|Any CPU
		{A19496B9-ED20-436E-AFFF-9123BD162FCB}.Release|Any CPU.ActiveCfg = Release|Any CPU
		{A19496B9-ED20-436E-AFFF-9123BD162FCB}.Release|Any CPU.Build.0 = Release|Any CPU
		{B623E147-B40E-48FD-9E88-467F43A89BCC}.Debug|Any CPU.ActiveCfg = Debug|Any CPU
		{B623E147-B40E-48FD-9E88-467F43A89BCC}.Debug|Any CPU.Build.0 = Debug|Any CPU
		{B623E147-B40E-48FD-9E88-467F43A89BCC}.Release|Any CPU.ActiveCfg = Release|Any CPU
		{B623E147-B40E-48FD-9E88-467F43A89BCC}.Release|Any CPU.Build.0 = Release|Any CPU
		{4E38BD01-5CDC-428D-932C-FD69DCE24715}.Debug|Any CPU.ActiveCfg = Debug|Any CPU
		{4E38BD01-5CDC-428D-932C-FD69DCE24715}.Debug|Any CPU.Build.0 = Debug|Any CPU
		{4E38BD01-5CDC-428D-932C-FD69DCE24715}.Release|Any CPU.ActiveCfg = Release|Any CPU
		{4E38BD01-5CDC-428D-932C-FD69DCE24715}.Release|Any CPU.Build.0 = Release|Any CPU
		{06589D41-843B-4F4A-A308-53C11D6FC080}.Debug|Any CPU.ActiveCfg = Debug|Any CPU
		{06589D41-843B-4F4A-A308-53C11D6FC080}.Debug|Any CPU.Build.0 = Debug|Any CPU
		{06589D41-843B-4F4A-A308-53C11D6FC080}.Release|Any CPU.ActiveCfg = Release|Any CPU
		{06589D41-843B-4F4A-A308-53C11D6FC080}.Release|Any CPU.Build.0 = Release|Any CPU
		{62451251-7272-4395-8CD4-9FF11F870546}.Debug|Any CPU.ActiveCfg = Debug|Any CPU
		{62451251-7272-4395-8CD4-9FF11F870546}.Debug|Any CPU.Build.0 = Debug|Any CPU
		{62451251-7272-4395-8CD4-9FF11F870546}.Release|Any CPU.ActiveCfg = Release|Any CPU
		{62451251-7272-4395-8CD4-9FF11F870546}.Release|Any CPU.Build.0 = Release|Any CPU
		{651AECC1-3871-4436-9C57-EBB75E976196}.Debug|Any CPU.ActiveCfg = Debug|Any CPU
		{651AECC1-3871-4436-9C57-EBB75E976196}.Debug|Any CPU.Build.0 = Debug|Any CPU
		{651AECC1-3871-4436-9C57-EBB75E976196}.Release|Any CPU.ActiveCfg = Release|Any CPU
		{651AECC1-3871-4436-9C57-EBB75E976196}.Release|Any CPU.Build.0 = Release|Any CPU
		{3F2E2122-81C9-4BFD-A1BF-5BB503FB8AB6}.Debug|Any CPU.ActiveCfg = Debug|Any CPU
		{3F2E2122-81C9-4BFD-A1BF-5BB503FB8AB6}.Debug|Any CPU.Build.0 = Debug|Any CPU
		{3F2E2122-81C9-4BFD-A1BF-5BB503FB8AB6}.Release|Any CPU.ActiveCfg = Release|Any CPU
		{3F2E2122-81C9-4BFD-A1BF-5BB503FB8AB6}.Release|Any CPU.Build.0 = Release|Any CPU
		{7DE691EC-2EDE-4119-B745-92907CD349EA}.Debug|Any CPU.ActiveCfg = Debug|Any CPU
		{7DE691EC-2EDE-4119-B745-92907CD349EA}.Debug|Any CPU.Build.0 = Debug|Any CPU
		{7DE691EC-2EDE-4119-B745-92907CD349EA}.Release|Any CPU.ActiveCfg = Release|Any CPU
		{7DE691EC-2EDE-4119-B745-92907CD349EA}.Release|Any CPU.Build.0 = Release|Any CPU
		{8A32D6BF-29AB-45EA-90FB-88732F103222}.Debug|Any CPU.ActiveCfg = Debug|Any CPU
		{8A32D6BF-29AB-45EA-90FB-88732F103222}.Debug|Any CPU.Build.0 = Debug|Any CPU
		{8A32D6BF-29AB-45EA-90FB-88732F103222}.Release|Any CPU.ActiveCfg = Release|Any CPU
		{8A32D6BF-29AB-45EA-90FB-88732F103222}.Release|Any CPU.Build.0 = Release|Any CPU
		{429602E9-A9B7-4E3B-A5F3-CA0ACE6915CC}.Debug|Any CPU.ActiveCfg = Debug|Any CPU
		{429602E9-A9B7-4E3B-A5F3-CA0ACE6915CC}.Debug|Any CPU.Build.0 = Debug|Any CPU
		{429602E9-A9B7-4E3B-A5F3-CA0ACE6915CC}.Release|Any CPU.ActiveCfg = Release|Any CPU
		{429602E9-A9B7-4E3B-A5F3-CA0ACE6915CC}.Release|Any CPU.Build.0 = Release|Any CPU
		{77FB16AA-4279-4272-BD42-B27E71DE8D38}.Debug|Any CPU.ActiveCfg = Debug|Any CPU
		{77FB16AA-4279-4272-BD42-B27E71DE8D38}.Debug|Any CPU.Build.0 = Debug|Any CPU
		{77FB16AA-4279-4272-BD42-B27E71DE8D38}.Release|Any CPU.ActiveCfg = Release|Any CPU
		{77FB16AA-4279-4272-BD42-B27E71DE8D38}.Release|Any CPU.Build.0 = Release|Any CPU
		{E93A3147-A233-49D5-8C97-87344A203493}.Debug|Any CPU.ActiveCfg = Debug|Any CPU
		{E93A3147-A233-49D5-8C97-87344A203493}.Debug|Any CPU.Build.0 = Debug|Any CPU
		{E93A3147-A233-49D5-8C97-87344A203493}.Release|Any CPU.ActiveCfg = Release|Any CPU
		{E93A3147-A233-49D5-8C97-87344A203493}.Release|Any CPU.Build.0 = Release|Any CPU
		{EA25926D-213A-4BE3-A886-C49D49A21ADF}.Debug|Any CPU.ActiveCfg = Debug|Any CPU
		{EA25926D-213A-4BE3-A886-C49D49A21ADF}.Debug|Any CPU.Build.0 = Debug|Any CPU
		{EA25926D-213A-4BE3-A886-C49D49A21ADF}.Release|Any CPU.ActiveCfg = Release|Any CPU
		{EA25926D-213A-4BE3-A886-C49D49A21ADF}.Release|Any CPU.Build.0 = Release|Any CPU
		{4E5BD689-2B3C-4574-ADC5-95D0454C1738}.Debug|Any CPU.ActiveCfg = Debug|Any CPU
		{4E5BD689-2B3C-4574-ADC5-95D0454C1738}.Debug|Any CPU.Build.0 = Debug|Any CPU
		{4E5BD689-2B3C-4574-ADC5-95D0454C1738}.Release|Any CPU.ActiveCfg = Release|Any CPU
		{4E5BD689-2B3C-4574-ADC5-95D0454C1738}.Release|Any CPU.Build.0 = Release|Any CPU
		{C550F798-786E-43BC-8B57-3CF95AE9A084}.Debug|Any CPU.ActiveCfg = Debug|Any CPU
		{C550F798-786E-43BC-8B57-3CF95AE9A084}.Debug|Any CPU.Build.0 = Debug|Any CPU
		{C550F798-786E-43BC-8B57-3CF95AE9A084}.Release|Any CPU.ActiveCfg = Release|Any CPU
		{C550F798-786E-43BC-8B57-3CF95AE9A084}.Release|Any CPU.Build.0 = Release|Any CPU
		{ED5F62C3-71FA-4139-B1C4-2E6071F4121C}.Debug|Any CPU.ActiveCfg = Debug|Any CPU
		{ED5F62C3-71FA-4139-B1C4-2E6071F4121C}.Debug|Any CPU.Build.0 = Debug|Any CPU
		{ED5F62C3-71FA-4139-B1C4-2E6071F4121C}.Release|Any CPU.ActiveCfg = Release|Any CPU
		{ED5F62C3-71FA-4139-B1C4-2E6071F4121C}.Release|Any CPU.Build.0 = Release|Any CPU
		{49C2D55C-E0F8-49C8-845B-CC76ACA27B4F}.Debug|Any CPU.ActiveCfg = Debug|Any CPU
		{49C2D55C-E0F8-49C8-845B-CC76ACA27B4F}.Debug|Any CPU.Build.0 = Debug|Any CPU
		{49C2D55C-E0F8-49C8-845B-CC76ACA27B4F}.Release|Any CPU.ActiveCfg = Release|Any CPU
		{49C2D55C-E0F8-49C8-845B-CC76ACA27B4F}.Release|Any CPU.Build.0 = Release|Any CPU
		{BAB3CBA9-E730-4601-8BAC-AB87F027E899}.Debug|Any CPU.ActiveCfg = Debug|Any CPU
		{BAB3CBA9-E730-4601-8BAC-AB87F027E899}.Debug|Any CPU.Build.0 = Debug|Any CPU
		{BAB3CBA9-E730-4601-8BAC-AB87F027E899}.Release|Any CPU.ActiveCfg = Release|Any CPU
		{BAB3CBA9-E730-4601-8BAC-AB87F027E899}.Release|Any CPU.Build.0 = Release|Any CPU
		{D5D05A1C-4276-4D76-8CA3-6F5257E0C2F8}.Debug|Any CPU.ActiveCfg = Debug|Any CPU
		{D5D05A1C-4276-4D76-8CA3-6F5257E0C2F8}.Debug|Any CPU.Build.0 = Debug|Any CPU
		{D5D05A1C-4276-4D76-8CA3-6F5257E0C2F8}.Release|Any CPU.ActiveCfg = Release|Any CPU
		{D5D05A1C-4276-4D76-8CA3-6F5257E0C2F8}.Release|Any CPU.Build.0 = Release|Any CPU
	EndGlobalSection
	GlobalSection(SolutionProperties) = preSolution
		HideSolutionNode = FALSE
	EndGlobalSection
	GlobalSection(ExtensibilityGlobals) = postSolution
		SolutionGuid = {409ADD30-1591-41AE-9C13-B41D929851D2}
	EndGlobalSection
EndGlobal
