
Microsoft Visual Studio Solution File, Format Version 12.00
# Visual Studio Version 17
VisualStudioVersion = 17.2.32630.192
MinimumVisualStudioVersion = 10.0.40219.1
Project("{9A19103F-16F7-4668-BE54-9A1E7A4F7556}") = "R5T.F0128.Construction", "R5T.F0128.Construction\R5T.F0128.Construction.csproj", "{B2B5116A-26CA-4891-8999-16BA97D6A064}"
EndProject
Project("{9A19103F-16F7-4668-BE54-9A1E7A4F7556}") = "R5T.F0128", "R5T.F0128\R5T.F0128.csproj", "{DBA54C78-2130-4DD3-B2A2-E79C03317813}"
EndProject
Global
	GlobalSection(SolutionConfigurationPlatforms) = preSolution
		Debug|Any CPU = Debug|Any CPU
		Release|Any CPU = Release|Any CPU
	EndGlobalSection
	GlobalSection(ProjectConfigurationPlatforms) = postSolution
		{B2B5116A-26CA-4891-8999-16BA97D6A064}.Debug|Any CPU.ActiveCfg = Debug|Any CPU
		{B2B5116A-26CA-4891-8999-16BA97D6A064}.Debug|Any CPU.Build.0 = Debug|Any CPU
		{B2B5116A-26CA-4891-8999-16BA97D6A064}.Release|Any CPU.ActiveCfg = Release|Any CPU
		{B2B5116A-26CA-4891-8999-16BA97D6A064}.Release|Any CPU.Build.0 = Release|Any CPU
		{DBA54C78-2130-4DD3-B2A2-E79C03317813}.Debug|Any CPU.ActiveCfg = Debug|Any CPU
		{DBA54C78-2130-4DD3-B2A2-E79C03317813}.Debug|Any CPU.Build.0 = Debug|Any CPU
		{DBA54C78-2130-4DD3-B2A2-E79C03317813}.Release|Any CPU.ActiveCfg = Release|Any CPU
		{DBA54C78-2130-4DD3-B2A2-E79C03317813}.Release|Any CPU.Build.0 = Release|Any CPU
	EndGlobalSection
	GlobalSection(SolutionProperties) = preSolution
		HideSolutionNode = FALSE
	EndGlobalSection
	GlobalSection(ExtensibilityGlobals) = postSolution
		SolutionGuid = {989FCBFB-F21E-4B18-9AB7-CBFE2A1633A5}
	EndGlobalSection
EndGlobal
