
Microsoft Visual Studio Solution File, Format Version 12.00
# Visual Studio Version 17
VisualStudioVersion = 17.2.32630.192
MinimumVisualStudioVersion = 10.0.40219.1
Project("{9A19103F-16F7-4668-BE54-9A1E7A4F7556}") = "R5T.F0128.Construction", "R5T.F0128.Construction\R5T.F0128.Construction.csproj", "{B2B5116A-26CA-4891-8999-16BA97D6A064}"
EndProject
Project("{9A19103F-16F7-4668-BE54-9A1E7A4F7556}") = "R5T.F0128", "R5T.F0128\R5T.F0128.csproj", "{DBA54C78-2130-4DD3-B2A2-E79C03317813}"
EndProject
Project("{2150E333-8FDC-42A3-9474-1A3956D46DE8}") = "_Dependencies", "_Dependencies", "{B49C6635-22D2-41B7-981B-73C0E0CEDF1E}"
EndProject
Project("{9A19103F-16F7-4668-BE54-9A1E7A4F7556}") = "R5T.T0132", "..\..\R5T.T0132\source\R5T.T0132\R5T.T0132.csproj", "{A9E0E079-4771-42E9-8B75-9166A7391BC2}"
EndProject
Project("{9A19103F-16F7-4668-BE54-9A1E7A4F7556}") = "R5T.T0143", "..\..\R5T.T0143\source\R5T.T0143\R5T.T0143.csproj", "{C094200A-D244-4970-A3EB-CBF19B8F5F50}"
EndProject
Project("{9A19103F-16F7-4668-BE54-9A1E7A4F7556}") = "R5T.T0178", "..\..\R5T.T0178\source\R5T.T0178\R5T.T0178.csproj", "{D75C006F-658E-401B-AB93-33502883296C}"
EndProject
Project("{9A19103F-16F7-4668-BE54-9A1E7A4F7556}") = "R5T.T0179", "..\..\R5T.T0179\source\R5T.T0179\R5T.T0179.csproj", "{98F79FA4-9987-4A1C-9EBF-16CCB81CD86C}"
EndProject
Project("{9A19103F-16F7-4668-BE54-9A1E7A4F7556}") = "R5T.T0185", "..\..\R5T.T0185\source\R5T.T0185\R5T.T0185.csproj", "{2B7A1482-8F62-4243-857C-8D2B5D541E7E}"
EndProject
Project("{9A19103F-16F7-4668-BE54-9A1E7A4F7556}") = "R5T.T0187", "..\..\R5T.T0187\source\R5T.T0187\R5T.T0187.csproj", "{5718B1D3-CC8E-4E42-B60D-20AB0495A39D}"
EndProject
Project("{9A19103F-16F7-4668-BE54-9A1E7A4F7556}") = "R5T.F0000", "..\..\R5T.F0000\source\R5T.F0000\R5T.F0000.csproj", "{B438ED33-7AC0-439C-8669-E9CF206B1241}"
EndProject
Project("{9A19103F-16F7-4668-BE54-9A1E7A4F7556}") = "R5T.F0002", "..\..\R5T.F0002\source\R5T.F0002\R5T.F0002.csproj", "{EFCE2779-0627-40B1-A47A-30A36517B944}"
EndProject
Project("{9A19103F-16F7-4668-BE54-9A1E7A4F7556}") = "R5T.F0120", "..\..\R5T.F0120\source\R5T.F0120\R5T.F0120.csproj", "{0E8FD70D-946A-41D5-9659-E8F6567005D1}"
EndProject
Project("{9A19103F-16F7-4668-BE54-9A1E7A4F7556}") = "R5T.F0124", "..\..\R5T.F0124\source\R5T.F0124\R5T.F0124.csproj", "{CE15134A-9B02-4878-AE64-839F4809DBB8}"
EndProject
Project("{9A19103F-16F7-4668-BE54-9A1E7A4F7556}") = "R5T.T0131", "..\..\R5T.T0131\source\R5T.T0131\R5T.T0131.csproj", "{DD936126-A9FB-4EBD-9F1A-93ECB7CAD682}"
EndProject
Project("{9A19103F-16F7-4668-BE54-9A1E7A4F7556}") = "R5T.T0142", "..\..\R5T.T0142\source\R5T.T0142\R5T.T0142.csproj", "{46121881-362B-4664-B3CB-BF3CE563CE58}"
EndProject
Project("{9A19103F-16F7-4668-BE54-9A1E7A4F7556}") = "R5T.T0156", "..\..\R5T.T0156\source\R5T.T0156\R5T.T0156.csproj", "{F9EB75A8-3CC8-4109-9B75-228504DF085B}"
EndProject
Project("{9A19103F-16F7-4668-BE54-9A1E7A4F7556}") = "R5T.T0174", "..\..\R5T.T0174\source\R5T.T0174\R5T.T0174.csproj", "{3ADC48A1-F83E-4F92-823D-A37D39E3665A}"
EndProject
Project("{9A19103F-16F7-4668-BE54-9A1E7A4F7556}") = "R5T.T0176", "..\..\R5T.T0176\source\R5T.T0176\R5T.T0176.csproj", "{3DBEE2D5-C8C7-4E13-84B3-7F077D7236F9}"
EndProject
Project("{9A19103F-16F7-4668-BE54-9A1E7A4F7556}") = "R5T.T0177", "..\..\R5T.T0177\source\R5T.T0177\R5T.T0177.csproj", "{AF8C68C1-031D-42E9-9CD6-7E89FE228977}"
EndProject
Project("{9A19103F-16F7-4668-BE54-9A1E7A4F7556}") = "R5T.T0180", "..\..\R5T.T0180\source\R5T.T0180\R5T.T0180.csproj", "{ECF9C105-7BDD-4E64-8307-14F3B819BC5E}"
EndProject
Project("{9A19103F-16F7-4668-BE54-9A1E7A4F7556}") = "R5T.T0181", "..\..\R5T.T0181\source\R5T.T0181\R5T.T0181.csproj", "{261B3BAA-4DCA-4736-91D6-BD9582973FAD}"
EndProject
Project("{9A19103F-16F7-4668-BE54-9A1E7A4F7556}") = "R5T.Y0000", "..\..\R5T.Y0000\source\R5T.Y0000\R5T.Y0000.csproj", "{DF6667B4-8B35-47E1-A95E-4F6B6800BEA8}"
EndProject
Project("{9A19103F-16F7-4668-BE54-9A1E7A4F7556}") = "R5T.Z0000", "..\..\R5T.Z0000\source\R5T.Z0000\R5T.Z0000.csproj", "{C996464F-1717-4697-96DC-B1786AFAA641}"
EndProject
Global
	GlobalSection(NestedProjects) = preSolution
		{A9E0E079-4771-42E9-8B75-9166A7391BC2} = {B49C6635-22D2-41B7-981B-73C0E0CEDF1E}
		{C094200A-D244-4970-A3EB-CBF19B8F5F50} = {B49C6635-22D2-41B7-981B-73C0E0CEDF1E}
		{D75C006F-658E-401B-AB93-33502883296C} = {B49C6635-22D2-41B7-981B-73C0E0CEDF1E}
		{98F79FA4-9987-4A1C-9EBF-16CCB81CD86C} = {B49C6635-22D2-41B7-981B-73C0E0CEDF1E}
		{2B7A1482-8F62-4243-857C-8D2B5D541E7E} = {B49C6635-22D2-41B7-981B-73C0E0CEDF1E}
		{5718B1D3-CC8E-4E42-B60D-20AB0495A39D} = {B49C6635-22D2-41B7-981B-73C0E0CEDF1E}
		{B438ED33-7AC0-439C-8669-E9CF206B1241} = {B49C6635-22D2-41B7-981B-73C0E0CEDF1E}
		{EFCE2779-0627-40B1-A47A-30A36517B944} = {B49C6635-22D2-41B7-981B-73C0E0CEDF1E}
		{0E8FD70D-946A-41D5-9659-E8F6567005D1} = {B49C6635-22D2-41B7-981B-73C0E0CEDF1E}
		{CE15134A-9B02-4878-AE64-839F4809DBB8} = {B49C6635-22D2-41B7-981B-73C0E0CEDF1E}
		{DD936126-A9FB-4EBD-9F1A-93ECB7CAD682} = {B49C6635-22D2-41B7-981B-73C0E0CEDF1E}
		{46121881-362B-4664-B3CB-BF3CE563CE58} = {B49C6635-22D2-41B7-981B-73C0E0CEDF1E}
		{F9EB75A8-3CC8-4109-9B75-228504DF085B} = {B49C6635-22D2-41B7-981B-73C0E0CEDF1E}
		{3ADC48A1-F83E-4F92-823D-A37D39E3665A} = {B49C6635-22D2-41B7-981B-73C0E0CEDF1E}
		{3DBEE2D5-C8C7-4E13-84B3-7F077D7236F9} = {B49C6635-22D2-41B7-981B-73C0E0CEDF1E}
		{AF8C68C1-031D-42E9-9CD6-7E89FE228977} = {B49C6635-22D2-41B7-981B-73C0E0CEDF1E}
		{ECF9C105-7BDD-4E64-8307-14F3B819BC5E} = {B49C6635-22D2-41B7-981B-73C0E0CEDF1E}
		{261B3BAA-4DCA-4736-91D6-BD9582973FAD} = {B49C6635-22D2-41B7-981B-73C0E0CEDF1E}
		{DF6667B4-8B35-47E1-A95E-4F6B6800BEA8} = {B49C6635-22D2-41B7-981B-73C0E0CEDF1E}
		{C996464F-1717-4697-96DC-B1786AFAA641} = {B49C6635-22D2-41B7-981B-73C0E0CEDF1E}
	EndGlobalSection
	GlobalSection(SolutionConfigurationPlatforms) = preSolution
		Debug|Any CPU = Debug|Any CPU
		Release|Any CPU = Release|Any CPU
	EndGlobalSection
	GlobalSection(ProjectConfigurationPlatforms) = postSolution
		{B2B5116A-26CA-4891-8999-16BA97D6A064}.Debug|Any CPU.ActiveCfg = Debug|Any CPU
		{B2B5116A-26CA-4891-8999-16BA97D6A064}.Debug|Any CPU.Build.0 = Debug|Any CPU
		{B2B5116A-26CA-4891-8999-16BA97D6A064}.Release|Any CPU.ActiveCfg = Release|Any CPU
		{B2B5116A-26CA-4891-8999-16BA97D6A064}.Release|Any CPU.Build.0 = Release|Any CPU
		{DBA54C78-2130-4DD3-B2A2-E79C03317813}.Debug|Any CPU.ActiveCfg = Debug|Any CPU
		{DBA54C78-2130-4DD3-B2A2-E79C03317813}.Debug|Any CPU.Build.0 = Debug|Any CPU
		{DBA54C78-2130-4DD3-B2A2-E79C03317813}.Release|Any CPU.ActiveCfg = Release|Any CPU
		{DBA54C78-2130-4DD3-B2A2-E79C03317813}.Release|Any CPU.Build.0 = Release|Any CPU
		{A9E0E079-4771-42E9-8B75-9166A7391BC2}.Debug|Any CPU.ActiveCfg = Debug|Any CPU
		{A9E0E079-4771-42E9-8B75-9166A7391BC2}.Debug|Any CPU.Build.0 = Debug|Any CPU
		{A9E0E079-4771-42E9-8B75-9166A7391BC2}.Release|Any CPU.ActiveCfg = Release|Any CPU
		{A9E0E079-4771-42E9-8B75-9166A7391BC2}.Release|Any CPU.Build.0 = Release|Any CPU
		{C094200A-D244-4970-A3EB-CBF19B8F5F50}.Debug|Any CPU.ActiveCfg = Debug|Any CPU
		{C094200A-D244-4970-A3EB-CBF19B8F5F50}.Debug|Any CPU.Build.0 = Debug|Any CPU
		{C094200A-D244-4970-A3EB-CBF19B8F5F50}.Release|Any CPU.ActiveCfg = Release|Any CPU
		{C094200A-D244-4970-A3EB-CBF19B8F5F50}.Release|Any CPU.Build.0 = Release|Any CPU
		{D75C006F-658E-401B-AB93-33502883296C}.Debug|Any CPU.ActiveCfg = Debug|Any CPU
		{D75C006F-658E-401B-AB93-33502883296C}.Debug|Any CPU.Build.0 = Debug|Any CPU
		{D75C006F-658E-401B-AB93-33502883296C}.Release|Any CPU.ActiveCfg = Release|Any CPU
		{D75C006F-658E-401B-AB93-33502883296C}.Release|Any CPU.Build.0 = Release|Any CPU
		{98F79FA4-9987-4A1C-9EBF-16CCB81CD86C}.Debug|Any CPU.ActiveCfg = Debug|Any CPU
		{98F79FA4-9987-4A1C-9EBF-16CCB81CD86C}.Debug|Any CPU.Build.0 = Debug|Any CPU
		{98F79FA4-9987-4A1C-9EBF-16CCB81CD86C}.Release|Any CPU.ActiveCfg = Release|Any CPU
		{98F79FA4-9987-4A1C-9EBF-16CCB81CD86C}.Release|Any CPU.Build.0 = Release|Any CPU
		{2B7A1482-8F62-4243-857C-8D2B5D541E7E}.Debug|Any CPU.ActiveCfg = Debug|Any CPU
		{2B7A1482-8F62-4243-857C-8D2B5D541E7E}.Debug|Any CPU.Build.0 = Debug|Any CPU
		{2B7A1482-8F62-4243-857C-8D2B5D541E7E}.Release|Any CPU.ActiveCfg = Release|Any CPU
		{2B7A1482-8F62-4243-857C-8D2B5D541E7E}.Release|Any CPU.Build.0 = Release|Any CPU
		{5718B1D3-CC8E-4E42-B60D-20AB0495A39D}.Debug|Any CPU.ActiveCfg = Debug|Any CPU
		{5718B1D3-CC8E-4E42-B60D-20AB0495A39D}.Debug|Any CPU.Build.0 = Debug|Any CPU
		{5718B1D3-CC8E-4E42-B60D-20AB0495A39D}.Release|Any CPU.ActiveCfg = Release|Any CPU
		{5718B1D3-CC8E-4E42-B60D-20AB0495A39D}.Release|Any CPU.Build.0 = Release|Any CPU
		{B438ED33-7AC0-439C-8669-E9CF206B1241}.Debug|Any CPU.ActiveCfg = Debug|Any CPU
		{B438ED33-7AC0-439C-8669-E9CF206B1241}.Debug|Any CPU.Build.0 = Debug|Any CPU
		{B438ED33-7AC0-439C-8669-E9CF206B1241}.Release|Any CPU.ActiveCfg = Release|Any CPU
		{B438ED33-7AC0-439C-8669-E9CF206B1241}.Release|Any CPU.Build.0 = Release|Any CPU
		{EFCE2779-0627-40B1-A47A-30A36517B944}.Debug|Any CPU.ActiveCfg = Debug|Any CPU
		{EFCE2779-0627-40B1-A47A-30A36517B944}.Debug|Any CPU.Build.0 = Debug|Any CPU
		{EFCE2779-0627-40B1-A47A-30A36517B944}.Release|Any CPU.ActiveCfg = Release|Any CPU
		{EFCE2779-0627-40B1-A47A-30A36517B944}.Release|Any CPU.Build.0 = Release|Any CPU
		{0E8FD70D-946A-41D5-9659-E8F6567005D1}.Debug|Any CPU.ActiveCfg = Debug|Any CPU
		{0E8FD70D-946A-41D5-9659-E8F6567005D1}.Debug|Any CPU.Build.0 = Debug|Any CPU
		{0E8FD70D-946A-41D5-9659-E8F6567005D1}.Release|Any CPU.ActiveCfg = Release|Any CPU
		{0E8FD70D-946A-41D5-9659-E8F6567005D1}.Release|Any CPU.Build.0 = Release|Any CPU
		{CE15134A-9B02-4878-AE64-839F4809DBB8}.Debug|Any CPU.ActiveCfg = Debug|Any CPU
		{CE15134A-9B02-4878-AE64-839F4809DBB8}.Debug|Any CPU.Build.0 = Debug|Any CPU
		{CE15134A-9B02-4878-AE64-839F4809DBB8}.Release|Any CPU.ActiveCfg = Release|Any CPU
		{CE15134A-9B02-4878-AE64-839F4809DBB8}.Release|Any CPU.Build.0 = Release|Any CPU
		{DD936126-A9FB-4EBD-9F1A-93ECB7CAD682}.Debug|Any CPU.ActiveCfg = Debug|Any CPU
		{DD936126-A9FB-4EBD-9F1A-93ECB7CAD682}.Debug|Any CPU.Build.0 = Debug|Any CPU
		{DD936126-A9FB-4EBD-9F1A-93ECB7CAD682}.Release|Any CPU.ActiveCfg = Release|Any CPU
		{DD936126-A9FB-4EBD-9F1A-93ECB7CAD682}.Release|Any CPU.Build.0 = Release|Any CPU
		{46121881-362B-4664-B3CB-BF3CE563CE58}.Debug|Any CPU.ActiveCfg = Debug|Any CPU
		{46121881-362B-4664-B3CB-BF3CE563CE58}.Debug|Any CPU.Build.0 = Debug|Any CPU
		{46121881-362B-4664-B3CB-BF3CE563CE58}.Release|Any CPU.ActiveCfg = Release|Any CPU
		{46121881-362B-4664-B3CB-BF3CE563CE58}.Release|Any CPU.Build.0 = Release|Any CPU
		{F9EB75A8-3CC8-4109-9B75-228504DF085B}.Debug|Any CPU.ActiveCfg = Debug|Any CPU
		{F9EB75A8-3CC8-4109-9B75-228504DF085B}.Debug|Any CPU.Build.0 = Debug|Any CPU
		{F9EB75A8-3CC8-4109-9B75-228504DF085B}.Release|Any CPU.ActiveCfg = Release|Any CPU
		{F9EB75A8-3CC8-4109-9B75-228504DF085B}.Release|Any CPU.Build.0 = Release|Any CPU
		{3ADC48A1-F83E-4F92-823D-A37D39E3665A}.Debug|Any CPU.ActiveCfg = Debug|Any CPU
		{3ADC48A1-F83E-4F92-823D-A37D39E3665A}.Debug|Any CPU.Build.0 = Debug|Any CPU
		{3ADC48A1-F83E-4F92-823D-A37D39E3665A}.Release|Any CPU.ActiveCfg = Release|Any CPU
		{3ADC48A1-F83E-4F92-823D-A37D39E3665A}.Release|Any CPU.Build.0 = Release|Any CPU
		{3DBEE2D5-C8C7-4E13-84B3-7F077D7236F9}.Debug|Any CPU.ActiveCfg = Debug|Any CPU
		{3DBEE2D5-C8C7-4E13-84B3-7F077D7236F9}.Debug|Any CPU.Build.0 = Debug|Any CPU
		{3DBEE2D5-C8C7-4E13-84B3-7F077D7236F9}.Release|Any CPU.ActiveCfg = Release|Any CPU
		{3DBEE2D5-C8C7-4E13-84B3-7F077D7236F9}.Release|Any CPU.Build.0 = Release|Any CPU
		{AF8C68C1-031D-42E9-9CD6-7E89FE228977}.Debug|Any CPU.ActiveCfg = Debug|Any CPU
		{AF8C68C1-031D-42E9-9CD6-7E89FE228977}.Debug|Any CPU.Build.0 = Debug|Any CPU
		{AF8C68C1-031D-42E9-9CD6-7E89FE228977}.Release|Any CPU.ActiveCfg = Release|Any CPU
		{AF8C68C1-031D-42E9-9CD6-7E89FE228977}.Release|Any CPU.Build.0 = Release|Any CPU
		{ECF9C105-7BDD-4E64-8307-14F3B819BC5E}.Debug|Any CPU.ActiveCfg = Debug|Any CPU
		{ECF9C105-7BDD-4E64-8307-14F3B819BC5E}.Debug|Any CPU.Build.0 = Debug|Any CPU
		{ECF9C105-7BDD-4E64-8307-14F3B819BC5E}.Release|Any CPU.ActiveCfg = Release|Any CPU
		{ECF9C105-7BDD-4E64-8307-14F3B819BC5E}.Release|Any CPU.Build.0 = Release|Any CPU
		{261B3BAA-4DCA-4736-91D6-BD9582973FAD}.Debug|Any CPU.ActiveCfg = Debug|Any CPU
		{261B3BAA-4DCA-4736-91D6-BD9582973FAD}.Debug|Any CPU.Build.0 = Debug|Any CPU
		{261B3BAA-4DCA-4736-91D6-BD9582973FAD}.Release|Any CPU.ActiveCfg = Release|Any CPU
		{261B3BAA-4DCA-4736-91D6-BD9582973FAD}.Release|Any CPU.Build.0 = Release|Any CPU
		{DF6667B4-8B35-47E1-A95E-4F6B6800BEA8}.Debug|Any CPU.ActiveCfg = Debug|Any CPU
		{DF6667B4-8B35-47E1-A95E-4F6B6800BEA8}.Debug|Any CPU.Build.0 = Debug|Any CPU
		{DF6667B4-8B35-47E1-A95E-4F6B6800BEA8}.Release|Any CPU.ActiveCfg = Release|Any CPU
		{DF6667B4-8B35-47E1-A95E-4F6B6800BEA8}.Release|Any CPU.Build.0 = Release|Any CPU
		{C996464F-1717-4697-96DC-B1786AFAA641}.Debug|Any CPU.ActiveCfg = Debug|Any CPU
		{C996464F-1717-4697-96DC-B1786AFAA641}.Debug|Any CPU.Build.0 = Debug|Any CPU
		{C996464F-1717-4697-96DC-B1786AFAA641}.Release|Any CPU.ActiveCfg = Release|Any CPU
		{C996464F-1717-4697-96DC-B1786AFAA641}.Release|Any CPU.Build.0 = Release|Any CPU
	EndGlobalSection
	GlobalSection(SolutionProperties) = preSolution
		HideSolutionNode = FALSE
	EndGlobalSection
	GlobalSection(ExtensibilityGlobals) = postSolution
		SolutionGuid = {989FCBFB-F21E-4B18-9AB7-CBFE2A1633A5}
	EndGlobalSection
EndGlobal
